// !$*UTF8*$!
{
	archiveVersion = 1;
	classes = {
	};
	objectVersion = 50;
	objects = {

/* Begin PBXBuildFile section */
		8CA7F7A87732D456756743BD /* Pods_ChattingQuiz.framework in Frameworks */ = {isa = PBXBuildFile; fileRef = 40A868AF60913E5F7600D3E2 /* Pods_ChattingQuiz.framework */; };
		EF562DB7212286D300DA02E9 /* GameVC+CollectionView.swift in Sources */ = {isa = PBXBuildFile; fileRef = EF562DB6212286D300DA02E9 /* GameVC+CollectionView.swift */; };
		EF562DB9212286EB00DA02E9 /* GameVC+TableView.swift in Sources */ = {isa = PBXBuildFile; fileRef = EF562DB8212286EB00DA02E9 /* GameVC+TableView.swift */; };
		EF562DBC2122AAB600DA02E9 /* MyCommentCell.xib in Resources */ = {isa = PBXBuildFile; fileRef = EF562DBB2122AAB600DA02E9 /* MyCommentCell.xib */; };
		EF63F8232106393600386756 /* CreateGameView.swift in Sources */ = {isa = PBXBuildFile; fileRef = EF63F8222106393600386756 /* CreateGameView.swift */; };
		EF63F8252106EC9200386756 /* Chat.swift in Sources */ = {isa = PBXBuildFile; fileRef = EF63F8242106EC9200386756 /* Chat.swift */; };
		EF63F8272108D1EC00386756 /* UserCell.swift in Sources */ = {isa = PBXBuildFile; fileRef = EF63F8262108D1EC00386756 /* UserCell.swift */; };
		EF63F8292108D33C00386756 /* UIView+.swift in Sources */ = {isa = PBXBuildFile; fileRef = EF63F8282108D33C00386756 /* UIView+.swift */; };
		EF9554B1210447CE00D4F235 /* AppDelegate.swift in Sources */ = {isa = PBXBuildFile; fileRef = EF9554B0210447CE00D4F235 /* AppDelegate.swift */; };
		EF9554B6210447CE00D4F235 /* Main.storyboard in Resources */ = {isa = PBXBuildFile; fileRef = EF9554B4210447CE00D4F235 /* Main.storyboard */; };
		EF9554B8210447D100D4F235 /* Assets.xcassets in Resources */ = {isa = PBXBuildFile; fileRef = EF9554B7210447D100D4F235 /* Assets.xcassets */; };
		EF9554C32104498F00D4F235 /* GoogleService-Info.plist in Resources */ = {isa = PBXBuildFile; fileRef = EF9554C22104498E00D4F235 /* GoogleService-Info.plist */; };
		EF9554C52104503600D4F235 /* LoadingVC.swift in Sources */ = {isa = PBXBuildFile; fileRef = EF9554C42104503600D4F235 /* LoadingVC.swift */; };
		EF9554C72104506400D4F235 /* LaunchScreen.storyboard in Resources */ = {isa = PBXBuildFile; fileRef = EF9554C62104506400D4F235 /* LaunchScreen.storyboard */; };
		EF9554C92104532100D4F235 /* RemoteConfigDefaults.plist in Resources */ = {isa = PBXBuildFile; fileRef = EF9554C82104532100D4F235 /* RemoteConfigDefaults.plist */; };
		EF9554CB2104540A00D4F235 /* UIColor+.swift in Sources */ = {isa = PBXBuildFile; fileRef = EF9554CA2104540A00D4F235 /* UIColor+.swift */; };
		EF9554CE2104607500D4F235 /* SignUp.storyboard in Resources */ = {isa = PBXBuildFile; fileRef = EF9554CC2104607400D4F235 /* SignUp.storyboard */; };
		EF9554CF2104607500D4F235 /* SignUpVC.swift in Sources */ = {isa = PBXBuildFile; fileRef = EF9554CD2104607500D4F235 /* SignUpVC.swift */; };
		EF9554D82104609500D4F235 /* Constants.swift in Sources */ = {isa = PBXBuildFile; fileRef = EF9554D22104609500D4F235 /* Constants.swift */; };
		EF9554D92104609500D4F235 /* ViewController.swift in Sources */ = {isa = PBXBuildFile; fileRef = EF9554D32104609500D4F235 /* ViewController.swift */; };
		EF9554DA2104609500D4F235 /* SocketIOManager.swift in Sources */ = {isa = PBXBuildFile; fileRef = EF9554D42104609500D4F235 /* SocketIOManager.swift */; };
		EF9554DB2104609500D4F235 /* StyleGuide.swift in Sources */ = {isa = PBXBuildFile; fileRef = EF9554D52104609500D4F235 /* StyleGuide.swift */; };
		EF9554DC2104609500D4F235 /* GradientView.swift in Sources */ = {isa = PBXBuildFile; fileRef = EF9554D72104609500D4F235 /* GradientView.swift */; };
		EFBDF05B2105AC4D00E285ED /* GameList.storyboard in Resources */ = {isa = PBXBuildFile; fileRef = EFBDF0542105AC4800E285ED /* GameList.storyboard */; };
		EFBDF05C2105AC4D00E285ED /* GameRoomCell.swift in Sources */ = {isa = PBXBuildFile; fileRef = EFBDF0552105AC4900E285ED /* GameRoomCell.swift */; };
		EFBDF05D2105AC4D00E285ED /* CreateGame.xib in Resources */ = {isa = PBXBuildFile; fileRef = EFBDF0562105AC4A00E285ED /* CreateGame.xib */; };
		EFBDF05E2105AC4D00E285ED /* GameListVC.swift in Sources */ = {isa = PBXBuildFile; fileRef = EFBDF0572105AC4A00E285ED /* GameListVC.swift */; };
		EFBDF05F2105AC4D00E285ED /* GameRoomCell.xib in Resources */ = {isa = PBXBuildFile; fileRef = EFBDF0582105AC4B00E285ED /* GameRoomCell.xib */; };
		EFBDF0612105AC4D00E285ED /* GameRoomHeader.swift in Sources */ = {isa = PBXBuildFile; fileRef = EFBDF05A2105AC4C00E285ED /* GameRoomHeader.swift */; };
		EFBDF0642105AEAF00E285ED /* User.swift in Sources */ = {isa = PBXBuildFile; fileRef = EFBDF0632105AEAF00E285ED /* User.swift */; };
		EFBDF0672105ED4000E285ED /* GameVC.swift in Sources */ = {isa = PBXBuildFile; fileRef = EFBDF0662105ED4000E285ED /* GameVC.swift */; };
		EFBDF0692105EDE100E285ED /* Game.swift in Sources */ = {isa = PBXBuildFile; fileRef = EFBDF0682105EDE100E285ED /* Game.swift */; };
		EFBDF06B2105EEDC00E285ED /* ChatInputBar.xib in Resources */ = {isa = PBXBuildFile; fileRef = EFBDF06A2105EEDC00E285ED /* ChatInputBar.xib */; };
		EFBDF06D2105F43F00E285ED /* ChatInputBar.swift in Sources */ = {isa = PBXBuildFile; fileRef = EFBDF06C2105F43F00E285ED /* ChatInputBar.swift */; };
		EFBDF06F2105F77F00E285ED /* Game.storyboard in Resources */ = {isa = PBXBuildFile; fileRef = EFBDF06E2105F77F00E285ED /* Game.storyboard */; };
/* End PBXBuildFile section */

/* Begin PBXFileReference section */
		1DE49AB5BD737BAD09C48806 /* Pods-ChattingQuiz.debug.xcconfig */ = {isa = PBXFileReference; includeInIndex = 1; lastKnownFileType = text.xcconfig; name = "Pods-ChattingQuiz.debug.xcconfig"; path = "Pods/Target Support Files/Pods-ChattingQuiz/Pods-ChattingQuiz.debug.xcconfig"; sourceTree = "<group>"; };
		40A868AF60913E5F7600D3E2 /* Pods_ChattingQuiz.framework */ = {isa = PBXFileReference; explicitFileType = wrapper.framework; includeInIndex = 0; path = Pods_ChattingQuiz.framework; sourceTree = BUILT_PRODUCTS_DIR; };
		EF562DB6212286D300DA02E9 /* GameVC+CollectionView.swift */ = {isa = PBXFileReference; lastKnownFileType = sourcecode.swift; path = "GameVC+CollectionView.swift"; sourceTree = "<group>"; };
		EF562DB8212286EB00DA02E9 /* GameVC+TableView.swift */ = {isa = PBXFileReference; lastKnownFileType = sourcecode.swift; path = "GameVC+TableView.swift"; sourceTree = "<group>"; };
		EF562DBB2122AAB600DA02E9 /* MyCommentCell.xib */ = {isa = PBXFileReference; lastKnownFileType = file.xib; path = MyCommentCell.xib; sourceTree = "<group>"; };
		EF63F8222106393600386756 /* CreateGameView.swift */ = {isa = PBXFileReference; fileEncoding = 4; lastKnownFileType = sourcecode.swift; path = CreateGameView.swift; sourceTree = "<group>"; };
		EF63F8242106EC9200386756 /* Chat.swift */ = {isa = PBXFileReference; lastKnownFileType = sourcecode.swift; path = Chat.swift; sourceTree = "<group>"; };
		EF63F8262108D1EC00386756 /* UserCell.swift */ = {isa = PBXFileReference; lastKnownFileType = sourcecode.swift; path = UserCell.swift; sourceTree = "<group>"; };
		EF63F8282108D33C00386756 /* UIView+.swift */ = {isa = PBXFileReference; lastKnownFileType = sourcecode.swift; path = "UIView+.swift"; sourceTree = "<group>"; };
		EF9554AD210447CE00D4F235 /* ChattingQuiz.app */ = {isa = PBXFileReference; explicitFileType = wrapper.application; includeInIndex = 0; path = ChattingQuiz.app; sourceTree = BUILT_PRODUCTS_DIR; };
		EF9554B0210447CE00D4F235 /* AppDelegate.swift */ = {isa = PBXFileReference; lastKnownFileType = sourcecode.swift; path = AppDelegate.swift; sourceTree = "<group>"; };
		EF9554B5210447CE00D4F235 /* Base */ = {isa = PBXFileReference; lastKnownFileType = file.storyboard; name = Base; path = Base.lproj/Main.storyboard; sourceTree = "<group>"; };
		EF9554B7210447D100D4F235 /* Assets.xcassets */ = {isa = PBXFileReference; lastKnownFileType = folder.assetcatalog; path = Assets.xcassets; sourceTree = "<group>"; };
		EF9554BC210447D100D4F235 /* Info.plist */ = {isa = PBXFileReference; lastKnownFileType = text.plist.xml; path = Info.plist; sourceTree = "<group>"; };
		EF9554C22104498E00D4F235 /* GoogleService-Info.plist */ = {isa = PBXFileReference; fileEncoding = 4; lastKnownFileType = text.plist.xml; path = "GoogleService-Info.plist"; sourceTree = "<group>"; };
		EF9554C42104503600D4F235 /* LoadingVC.swift */ = {isa = PBXFileReference; lastKnownFileType = sourcecode.swift; path = LoadingVC.swift; sourceTree = "<group>"; };
		EF9554C62104506400D4F235 /* LaunchScreen.storyboard */ = {isa = PBXFileReference; fileEncoding = 4; lastKnownFileType = file.storyboard; path = LaunchScreen.storyboard; sourceTree = "<group>"; };
		EF9554C82104532100D4F235 /* RemoteConfigDefaults.plist */ = {isa = PBXFileReference; lastKnownFileType = text.plist.xml; path = RemoteConfigDefaults.plist; sourceTree = "<group>"; };
		EF9554CA2104540A00D4F235 /* UIColor+.swift */ = {isa = PBXFileReference; lastKnownFileType = sourcecode.swift; path = "UIColor+.swift"; sourceTree = "<group>"; };
		EF9554CC2104607400D4F235 /* SignUp.storyboard */ = {isa = PBXFileReference; fileEncoding = 4; lastKnownFileType = file.storyboard; path = SignUp.storyboard; sourceTree = "<group>"; };
		EF9554CD2104607500D4F235 /* SignUpVC.swift */ = {isa = PBXFileReference; fileEncoding = 4; lastKnownFileType = sourcecode.swift; path = SignUpVC.swift; sourceTree = "<group>"; };
		EF9554D22104609500D4F235 /* Constants.swift */ = {isa = PBXFileReference; fileEncoding = 4; lastKnownFileType = sourcecode.swift; path = Constants.swift; sourceTree = "<group>"; };
		EF9554D32104609500D4F235 /* ViewController.swift */ = {isa = PBXFileReference; fileEncoding = 4; lastKnownFileType = sourcecode.swift; path = ViewController.swift; sourceTree = "<group>"; };
		EF9554D42104609500D4F235 /* SocketIOManager.swift */ = {isa = PBXFileReference; fileEncoding = 4; lastKnownFileType = sourcecode.swift; path = SocketIOManager.swift; sourceTree = "<group>"; };
		EF9554D52104609500D4F235 /* StyleGuide.swift */ = {isa = PBXFileReference; fileEncoding = 4; lastKnownFileType = sourcecode.swift; path = StyleGuide.swift; sourceTree = "<group>"; };
		EF9554D72104609500D4F235 /* GradientView.swift */ = {isa = PBXFileReference; fileEncoding = 4; lastKnownFileType = sourcecode.swift; path = GradientView.swift; sourceTree = "<group>"; };
		EFBDF0542105AC4800E285ED /* GameList.storyboard */ = {isa = PBXFileReference; fileEncoding = 4; lastKnownFileType = file.storyboard; path = GameList.storyboard; sourceTree = "<group>"; };
		EFBDF0552105AC4900E285ED /* GameRoomCell.swift */ = {isa = PBXFileReference; fileEncoding = 4; lastKnownFileType = sourcecode.swift; path = GameRoomCell.swift; sourceTree = "<group>"; };
		EFBDF0562105AC4A00E285ED /* CreateGame.xib */ = {isa = PBXFileReference; fileEncoding = 4; lastKnownFileType = file.xib; path = CreateGame.xib; sourceTree = "<group>"; };
		EFBDF0572105AC4A00E285ED /* GameListVC.swift */ = {isa = PBXFileReference; fileEncoding = 4; lastKnownFileType = sourcecode.swift; path = GameListVC.swift; sourceTree = "<group>"; };
		EFBDF0582105AC4B00E285ED /* GameRoomCell.xib */ = {isa = PBXFileReference; fileEncoding = 4; lastKnownFileType = file.xib; path = GameRoomCell.xib; sourceTree = "<group>"; };
		EFBDF05A2105AC4C00E285ED /* GameRoomHeader.swift */ = {isa = PBXFileReference; fileEncoding = 4; lastKnownFileType = sourcecode.swift; path = GameRoomHeader.swift; sourceTree = "<group>"; };
		EFBDF0632105AEAF00E285ED /* User.swift */ = {isa = PBXFileReference; lastKnownFileType = sourcecode.swift; path = User.swift; sourceTree = "<group>"; };
		EFBDF0662105ED4000E285ED /* GameVC.swift */ = {isa = PBXFileReference; lastKnownFileType = sourcecode.swift; path = GameVC.swift; sourceTree = "<group>"; };
		EFBDF0682105EDE100E285ED /* Game.swift */ = {isa = PBXFileReference; lastKnownFileType = sourcecode.swift; path = Game.swift; sourceTree = "<group>"; };
		EFBDF06A2105EEDC00E285ED /* ChatInputBar.xib */ = {isa = PBXFileReference; lastKnownFileType = file.xib; path = ChatInputBar.xib; sourceTree = "<group>"; };
		EFBDF06C2105F43F00E285ED /* ChatInputBar.swift */ = {isa = PBXFileReference; lastKnownFileType = sourcecode.swift; path = ChatInputBar.swift; sourceTree = "<group>"; };
		EFBDF06E2105F77F00E285ED /* Game.storyboard */ = {isa = PBXFileReference; lastKnownFileType = file.storyboard; path = Game.storyboard; sourceTree = "<group>"; };
		F68A25029B196F2CD778817F /* Pods-ChattingQuiz.release.xcconfig */ = {isa = PBXFileReference; includeInIndex = 1; lastKnownFileType = text.xcconfig; name = "Pods-ChattingQuiz.release.xcconfig"; path = "Pods/Target Support Files/Pods-ChattingQuiz/Pods-ChattingQuiz.release.xcconfig"; sourceTree = "<group>"; };
/* End PBXFileReference section */

/* Begin PBXFrameworksBuildPhase section */
		EF9554AA210447CE00D4F235 /* Frameworks */ = {
			isa = PBXFrameworksBuildPhase;
			buildActionMask = 2147483647;
			files = (
				8CA7F7A87732D456756743BD /* Pods_ChattingQuiz.framework in Frameworks */,
			);
			runOnlyForDeploymentPostprocessing = 0;
		};
/* End PBXFrameworksBuildPhase section */

/* Begin PBXGroup section */
		C0FCAE95FA7C9BA3A37E2999 /* Frameworks */ = {
			isa = PBXGroup;
			children = (
				40A868AF60913E5F7600D3E2 /* Pods_ChattingQuiz.framework */,
			);
			name = Frameworks;
			sourceTree = "<group>";
		};
		EF562DBA2122AAA300DA02E9 /* Comment */ = {
			isa = PBXGroup;
			children = (
				EF562DBB2122AAB600DA02E9 /* MyCommentCell.xib */,
			);
			path = Comment;
			sourceTree = "<group>";
		};
		EF9554A4210447CE00D4F235 = {
			isa = PBXGroup;
			children = (
				EF9554AF210447CE00D4F235 /* ChattingQuiz */,
				EF9554AE210447CE00D4F235 /* Products */,
				FFA6CC1148AC9103CCB792EB /* Pods */,
				C0FCAE95FA7C9BA3A37E2999 /* Frameworks */,
			);
			sourceTree = "<group>";
		};
		EF9554AE210447CE00D4F235 /* Products */ = {
			isa = PBXGroup;
			children = (
				EF9554AD210447CE00D4F235 /* ChattingQuiz.app */,
			);
			name = Products;
			sourceTree = "<group>";
		};
		EF9554AF210447CE00D4F235 /* ChattingQuiz */ = {
			isa = PBXGroup;
			children = (
				EF9554B0210447CE00D4F235 /* AppDelegate.swift */,
				EFBDF0622105AEA400E285ED /* Model */,
				EF9554D12104609500D4F235 /* Basic Source */,
				EF9554D02104607800D4F235 /* Sign Up */,
				EFBDF0652105ED1A00E285ED /* Game */,
				EFBDF0532105AC2100E285ED /* GameList */,
				EF9554B4210447CE00D4F235 /* Main.storyboard */,
				EF9554DF210460CD00D4F235 /* Resource */,
				EF9554BC210447D100D4F235 /* Info.plist */,
				EF9554DD210460A800D4F235 /* Config */,
			);
			path = ChattingQuiz;
			sourceTree = "<group>";
		};
		EF9554D02104607800D4F235 /* Sign Up */ = {
			isa = PBXGroup;
			children = (
				EF9554C42104503600D4F235 /* LoadingVC.swift */,
				EF9554CC2104607400D4F235 /* SignUp.storyboard */,
				EF9554CD2104607500D4F235 /* SignUpVC.swift */,
			);
			path = "Sign Up";
			sourceTree = "<group>";
		};
		EF9554D12104609500D4F235 /* Basic Source */ = {
			isa = PBXGroup;
			children = (
				EF9554CA2104540A00D4F235 /* UIColor+.swift */,
				EF9554D22104609500D4F235 /* Constants.swift */,
				EF9554D32104609500D4F235 /* ViewController.swift */,
				EF9554D42104609500D4F235 /* SocketIOManager.swift */,
				EF9554D52104609500D4F235 /* StyleGuide.swift */,
				EF9554D62104609500D4F235 /* View */,
				EF63F8282108D33C00386756 /* UIView+.swift */,
			);
			path = "Basic Source";
			sourceTree = "<group>";
		};
		EF9554D62104609500D4F235 /* View */ = {
			isa = PBXGroup;
			children = (
				EF9554D72104609500D4F235 /* GradientView.swift */,
			);
			path = View;
			sourceTree = "<group>";
		};
		EF9554DD210460A800D4F235 /* Config */ = {
			isa = PBXGroup;
			children = (
				EF9554C22104498E00D4F235 /* GoogleService-Info.plist */,
				EF9554C82104532100D4F235 /* RemoteConfigDefaults.plist */,
			);
			path = Config;
			sourceTree = "<group>";
		};
		EF9554DF210460CD00D4F235 /* Resource */ = {
			isa = PBXGroup;
			children = (
				EF9554B7210447D100D4F235 /* Assets.xcassets */,
				EF9554C62104506400D4F235 /* LaunchScreen.storyboard */,
			);
			path = Resource;
			sourceTree = "<group>";
		};
		EFBDF0532105AC2100E285ED /* GameList */ = {
			isa = PBXGroup;
			children = (
				EFBDF0562105AC4A00E285ED /* CreateGame.xib */,
				EF63F8222106393600386756 /* CreateGameView.swift */,
				EFBDF0542105AC4800E285ED /* GameList.storyboard */,
				EFBDF0572105AC4A00E285ED /* GameListVC.swift */,
				EFBDF0552105AC4900E285ED /* GameRoomCell.swift */,
				EFBDF0582105AC4B00E285ED /* GameRoomCell.xib */,
				EFBDF05A2105AC4C00E285ED /* GameRoomHeader.swift */,
			);
			path = GameList;
			sourceTree = "<group>";
		};
		EFBDF0622105AEA400E285ED /* Model */ = {
			isa = PBXGroup;
			children = (
				EFBDF0632105AEAF00E285ED /* User.swift */,
				EFBDF0682105EDE100E285ED /* Game.swift */,
				EF63F8242106EC9200386756 /* Chat.swift */,
			);
			path = Model;
			sourceTree = "<group>";
		};
		EFBDF0652105ED1A00E285ED /* Game */ = {
			isa = PBXGroup;
			children = (
				EF562DBA2122AAA300DA02E9 /* Comment */,
				EFBDF0662105ED4000E285ED /* GameVC.swift */,
				EF562DB6212286D300DA02E9 /* GameVC+CollectionView.swift */,
				EF562DB8212286EB00DA02E9 /* GameVC+TableView.swift */,
				EFBDF06E2105F77F00E285ED /* Game.storyboard */,
				EF63F8262108D1EC00386756 /* UserCell.swift */,
				EFBDF06C2105F43F00E285ED /* ChatInputBar.swift */,
				EFBDF06A2105EEDC00E285ED /* ChatInputBar.xib */,
			);
			path = Game;
			sourceTree = "<group>";
		};
		FFA6CC1148AC9103CCB792EB /* Pods */ = {
			isa = PBXGroup;
			children = (
				1DE49AB5BD737BAD09C48806 /* Pods-ChattingQuiz.debug.xcconfig */,
				F68A25029B196F2CD778817F /* Pods-ChattingQuiz.release.xcconfig */,
			);
			name = Pods;
			sourceTree = "<group>";
		};
/* End PBXGroup section */

/* Begin PBXNativeTarget section */
		EF9554AC210447CE00D4F235 /* ChattingQuiz */ = {
			isa = PBXNativeTarget;
			buildConfigurationList = EF9554BF210447D100D4F235 /* Build configuration list for PBXNativeTarget "ChattingQuiz" */;
			buildPhases = (
				3248B647C21517B8265E0D03 /* [CP] Check Pods Manifest.lock */,
				EF9554A9210447CE00D4F235 /* Sources */,
				EF9554AA210447CE00D4F235 /* Frameworks */,
				EF9554AB210447CE00D4F235 /* Resources */,
				4FDE86E4A129665A462508C3 /* [CP] Embed Pods Frameworks */,
			);
			buildRules = (
			);
			dependencies = (
			);
			name = ChattingQuiz;
			productName = ChattingQuiz;
			productReference = EF9554AD210447CE00D4F235 /* ChattingQuiz.app */;
			productType = "com.apple.product-type.application";
		};
/* End PBXNativeTarget section */

/* Begin PBXProject section */
		EF9554A5210447CE00D4F235 /* Project object */ = {
			isa = PBXProject;
			attributes = {
				LastSwiftUpdateCheck = 0940;
				LastUpgradeCheck = 0940;
				ORGANIZATIONNAME = krgoodnews;
				TargetAttributes = {
					EF9554AC210447CE00D4F235 = {
						CreatedOnToolsVersion = 9.4.1;
					};
				};
			};
			buildConfigurationList = EF9554A8210447CE00D4F235 /* Build configuration list for PBXProject "ChattingQuiz" */;
			compatibilityVersion = "Xcode 9.3";
			developmentRegion = en;
			hasScannedForEncodings = 0;
			knownRegions = (
				en,
				Base,
			);
			mainGroup = EF9554A4210447CE00D4F235;
			productRefGroup = EF9554AE210447CE00D4F235 /* Products */;
			projectDirPath = "";
			projectRoot = "";
			targets = (
				EF9554AC210447CE00D4F235 /* ChattingQuiz */,
			);
		};
/* End PBXProject section */

/* Begin PBXResourcesBuildPhase section */
		EF9554AB210447CE00D4F235 /* Resources */ = {
			isa = PBXResourcesBuildPhase;
			buildActionMask = 2147483647;
			files = (
				EFBDF05B2105AC4D00E285ED /* GameList.storyboard in Resources */,
				EF9554C32104498F00D4F235 /* GoogleService-Info.plist in Resources */,
				EF9554C92104532100D4F235 /* RemoteConfigDefaults.plist in Resources */,
				EF562DBC2122AAB600DA02E9 /* MyCommentCell.xib in Resources */,
				EF9554CE2104607500D4F235 /* SignUp.storyboard in Resources */,
				EF9554C72104506400D4F235 /* LaunchScreen.storyboard in Resources */,
				EF9554B8210447D100D4F235 /* Assets.xcassets in Resources */,
				EFBDF05F2105AC4D00E285ED /* GameRoomCell.xib in Resources */,
				EFBDF05D2105AC4D00E285ED /* CreateGame.xib in Resources */,
				EFBDF06B2105EEDC00E285ED /* ChatInputBar.xib in Resources */,
				EFBDF06F2105F77F00E285ED /* Game.storyboard in Resources */,
				EF9554B6210447CE00D4F235 /* Main.storyboard in Resources */,
			);
			runOnlyForDeploymentPostprocessing = 0;
		};
/* End PBXResourcesBuildPhase section */

/* Begin PBXShellScriptBuildPhase section */
		3248B647C21517B8265E0D03 /* [CP] Check Pods Manifest.lock */ = {
			isa = PBXShellScriptBuildPhase;
			buildActionMask = 2147483647;
			files = (
			);
			inputPaths = (
				"${PODS_PODFILE_DIR_PATH}/Podfile.lock",
				"${PODS_ROOT}/Manifest.lock",
			);
			name = "[CP] Check Pods Manifest.lock";
			outputPaths = (
				"$(DERIVED_FILE_DIR)/Pods-ChattingQuiz-checkManifestLockResult.txt",
			);
			runOnlyForDeploymentPostprocessing = 0;
			shellPath = /bin/sh;
			shellScript = "diff \"${PODS_PODFILE_DIR_PATH}/Podfile.lock\" \"${PODS_ROOT}/Manifest.lock\" > /dev/null\nif [ $? != 0 ] ; then\n    # print error to STDERR\n    echo \"error: The sandbox is not in sync with the Podfile.lock. Run 'pod install' or update your CocoaPods installation.\" >&2\n    exit 1\nfi\n# This output is used by Xcode 'outputs' to avoid re-running this script phase.\necho \"SUCCESS\" > \"${SCRIPT_OUTPUT_FILE_0}\"\n";
			showEnvVarsInLog = 0;
		};
		4FDE86E4A129665A462508C3 /* [CP] Embed Pods Frameworks */ = {
			isa = PBXShellScriptBuildPhase;
			buildActionMask = 2147483647;
			files = (
			);
			inputPaths = (
				"${SRCROOT}/Pods/Target Support Files/Pods-ChattingQuiz/Pods-ChattingQuiz-frameworks.sh",
				"${BUILT_PRODUCTS_DIR}/Chatto/Chatto.framework",
				"${BUILT_PRODUCTS_DIR}/ChattoAdditions/ChattoAdditions.framework",
				"${BUILT_PRODUCTS_DIR}/GTMSessionFetcher/GTMSessionFetcher.framework",
				"${BUILT_PRODUCTS_DIR}/GoogleToolboxForMac/GoogleToolboxForMac.framework",
				"${BUILT_PRODUCTS_DIR}/ObjectMapper/ObjectMapper.framework",
				"${BUILT_PRODUCTS_DIR}/Protobuf/Protobuf.framework",
				"${BUILT_PRODUCTS_DIR}/RxCocoa/RxCocoa.framework",
				"${BUILT_PRODUCTS_DIR}/RxSwift/RxSwift.framework",
				"${BUILT_PRODUCTS_DIR}/SnapKit/SnapKit.framework",
				"${BUILT_PRODUCTS_DIR}/TextFieldEffects/TextFieldEffects.framework",
				"${BUILT_PRODUCTS_DIR}/Then/Then.framework",
				"${BUILT_PRODUCTS_DIR}/leveldb-library/leveldb.framework",
				"${BUILT_PRODUCTS_DIR}/nanopb/nanopb.framework",
			);
			name = "[CP] Embed Pods Frameworks";
			outputPaths = (
				"${TARGET_BUILD_DIR}/${FRAMEWORKS_FOLDER_PATH}/Chatto.framework",
				"${TARGET_BUILD_DIR}/${FRAMEWORKS_FOLDER_PATH}/ChattoAdditions.framework",
				"${TARGET_BUILD_DIR}/${FRAMEWORKS_FOLDER_PATH}/GTMSessionFetcher.framework",
				"${TARGET_BUILD_DIR}/${FRAMEWORKS_FOLDER_PATH}/GoogleToolboxForMac.framework",
				"${TARGET_BUILD_DIR}/${FRAMEWORKS_FOLDER_PATH}/ObjectMapper.framework",
				"${TARGET_BUILD_DIR}/${FRAMEWORKS_FOLDER_PATH}/Protobuf.framework",
				"${TARGET_BUILD_DIR}/${FRAMEWORKS_FOLDER_PATH}/RxCocoa.framework",
				"${TARGET_BUILD_DIR}/${FRAMEWORKS_FOLDER_PATH}/RxSwift.framework",
				"${TARGET_BUILD_DIR}/${FRAMEWORKS_FOLDER_PATH}/SnapKit.framework",
				"${TARGET_BUILD_DIR}/${FRAMEWORKS_FOLDER_PATH}/TextFieldEffects.framework",
				"${TARGET_BUILD_DIR}/${FRAMEWORKS_FOLDER_PATH}/Then.framework",
				"${TARGET_BUILD_DIR}/${FRAMEWORKS_FOLDER_PATH}/leveldb.framework",
				"${TARGET_BUILD_DIR}/${FRAMEWORKS_FOLDER_PATH}/nanopb.framework",
			);
			runOnlyForDeploymentPostprocessing = 0;
			shellPath = /bin/sh;
			shellScript = "\"${SRCROOT}/Pods/Target Support Files/Pods-ChattingQuiz/Pods-ChattingQuiz-frameworks.sh\"\n";
			showEnvVarsInLog = 0;
		};
/* End PBXShellScriptBuildPhase section */

/* Begin PBXSourcesBuildPhase section */
		EF9554A9210447CE00D4F235 /* Sources */ = {
			isa = PBXSourcesBuildPhase;
			buildActionMask = 2147483647;
			files = (
				EFBDF05C2105AC4D00E285ED /* GameRoomCell.swift in Sources */,
				EFBDF0612105AC4D00E285ED /* GameRoomHeader.swift in Sources */,
				EF9554CB2104540A00D4F235 /* UIColor+.swift in Sources */,
				EF9554DC2104609500D4F235 /* GradientView.swift in Sources */,
				EF562DB9212286EB00DA02E9 /* GameVC+TableView.swift in Sources */,
				EF562DB7212286D300DA02E9 /* GameVC+CollectionView.swift in Sources */,
				EF63F8292108D33C00386756 /* UIView+.swift in Sources */,
				EF9554B1210447CE00D4F235 /* AppDelegate.swift in Sources */,
				EF9554CF2104607500D4F235 /* SignUpVC.swift in Sources */,
				EF63F8272108D1EC00386756 /* UserCell.swift in Sources */,
				EFBDF0642105AEAF00E285ED /* User.swift in Sources */,
				EF9554DA2104609500D4F235 /* SocketIOManager.swift in Sources */,
				EF9554D92104609500D4F235 /* ViewController.swift in Sources */,
				EF9554C52104503600D4F235 /* LoadingVC.swift in Sources */,
				EF9554D82104609500D4F235 /* Constants.swift in Sources */,
				EF9554DB2104609500D4F235 /* StyleGuide.swift in Sources */,
				EFBDF0672105ED4000E285ED /* GameVC.swift in Sources */,
				EF63F8252106EC9200386756 /* Chat.swift in Sources */,
				EFBDF05E2105AC4D00E285ED /* GameListVC.swift in Sources */,
				EFBDF06D2105F43F00E285ED /* ChatInputBar.swift in Sources */,
				EF63F8232106393600386756 /* CreateGameView.swift in Sources */,
				EFBDF0692105EDE100E285ED /* Game.swift in Sources */,
			);
			runOnlyForDeploymentPostprocessing = 0;
		};
/* End PBXSourcesBuildPhase section */

/* Begin PBXVariantGroup section */
		EF9554B4210447CE00D4F235 /* Main.storyboard */ = {
			isa = PBXVariantGroup;
			children = (
				EF9554B5210447CE00D4F235 /* Base */,
			);
			name = Main.storyboard;
			sourceTree = "<group>";
		};
/* End PBXVariantGroup section */

/* Begin XCBuildConfiguration section */
		EF9554BD210447D100D4F235 /* Debug */ = {
			isa = XCBuildConfiguration;
			buildSettings = {
				ALWAYS_SEARCH_USER_PATHS = NO;
				CLANG_ANALYZER_NONNULL = YES;
				CLANG_ANALYZER_NUMBER_OBJECT_CONVERSION = YES_AGGRESSIVE;
				CLANG_CXX_LANGUAGE_STANDARD = "gnu++14";
				CLANG_CXX_LIBRARY = "libc++";
				CLANG_ENABLE_MODULES = YES;
				CLANG_ENABLE_OBJC_ARC = YES;
				CLANG_ENABLE_OBJC_WEAK = YES;
				CLANG_WARN_BLOCK_CAPTURE_AUTORELEASING = YES;
				CLANG_WARN_BOOL_CONVERSION = YES;
				CLANG_WARN_COMMA = YES;
				CLANG_WARN_CONSTANT_CONVERSION = YES;
				CLANG_WARN_DEPRECATED_OBJC_IMPLEMENTATIONS = YES;
				CLANG_WARN_DIRECT_OBJC_ISA_USAGE = YES_ERROR;
				CLANG_WARN_DOCUMENTATION_COMMENTS = YES;
				CLANG_WARN_EMPTY_BODY = YES;
				CLANG_WARN_ENUM_CONVERSION = YES;
				CLANG_WARN_INFINITE_RECURSION = YES;
				CLANG_WARN_INT_CONVERSION = YES;
				CLANG_WARN_NON_LITERAL_NULL_CONVERSION = YES;
				CLANG_WARN_OBJC_IMPLICIT_RETAIN_SELF = YES;
				CLANG_WARN_OBJC_LITERAL_CONVERSION = YES;
				CLANG_WARN_OBJC_ROOT_CLASS = YES_ERROR;
				CLANG_WARN_RANGE_LOOP_ANALYSIS = YES;
				CLANG_WARN_STRICT_PROTOTYPES = YES;
				CLANG_WARN_SUSPICIOUS_MOVE = YES;
				CLANG_WARN_UNGUARDED_AVAILABILITY = YES_AGGRESSIVE;
				CLANG_WARN_UNREACHABLE_CODE = YES;
				CLANG_WARN__DUPLICATE_METHOD_MATCH = YES;
				CODE_SIGN_IDENTITY = "iPhone Developer";
				COPY_PHASE_STRIP = NO;
				DEBUG_INFORMATION_FORMAT = dwarf;
				ENABLE_STRICT_OBJC_MSGSEND = YES;
				ENABLE_TESTABILITY = YES;
				GCC_C_LANGUAGE_STANDARD = gnu11;
				GCC_DYNAMIC_NO_PIC = NO;
				GCC_NO_COMMON_BLOCKS = YES;
				GCC_OPTIMIZATION_LEVEL = 0;
				GCC_PREPROCESSOR_DEFINITIONS = (
					"DEBUG=1",
					"$(inherited)",
				);
				GCC_WARN_64_TO_32_BIT_CONVERSION = YES;
				GCC_WARN_ABOUT_RETURN_TYPE = YES_ERROR;
				GCC_WARN_UNDECLARED_SELECTOR = YES;
				GCC_WARN_UNINITIALIZED_AUTOS = YES_AGGRESSIVE;
				GCC_WARN_UNUSED_FUNCTION = YES;
				GCC_WARN_UNUSED_VARIABLE = YES;
				IPHONEOS_DEPLOYMENT_TARGET = 11.4;
				MTL_ENABLE_DEBUG_INFO = YES;
				ONLY_ACTIVE_ARCH = YES;
				SDKROOT = iphoneos;
				SWIFT_ACTIVE_COMPILATION_CONDITIONS = DEBUG;
				SWIFT_OPTIMIZATION_LEVEL = "-Onone";
			};
			name = Debug;
		};
		EF9554BE210447D100D4F235 /* Release */ = {
			isa = XCBuildConfiguration;
			buildSettings = {
				ALWAYS_SEARCH_USER_PATHS = NO;
				CLANG_ANALYZER_NONNULL = YES;
				CLANG_ANALYZER_NUMBER_OBJECT_CONVERSION = YES_AGGRESSIVE;
				CLANG_CXX_LANGUAGE_STANDARD = "gnu++14";
				CLANG_CXX_LIBRARY = "libc++";
				CLANG_ENABLE_MODULES = YES;
				CLANG_ENABLE_OBJC_ARC = YES;
				CLANG_ENABLE_OBJC_WEAK = YES;
				CLANG_WARN_BLOCK_CAPTURE_AUTORELEASING = YES;
				CLANG_WARN_BOOL_CONVERSION = YES;
				CLANG_WARN_COMMA = YES;
				CLANG_WARN_CONSTANT_CONVERSION = YES;
				CLANG_WARN_DEPRECATED_OBJC_IMPLEMENTATIONS = YES;
				CLANG_WARN_DIRECT_OBJC_ISA_USAGE = YES_ERROR;
				CLANG_WARN_DOCUMENTATION_COMMENTS = YES;
				CLANG_WARN_EMPTY_BODY = YES;
				CLANG_WARN_ENUM_CONVERSION = YES;
				CLANG_WARN_INFINITE_RECURSION = YES;
				CLANG_WARN_INT_CONVERSION = YES;
				CLANG_WARN_NON_LITERAL_NULL_CONVERSION = YES;
				CLANG_WARN_OBJC_IMPLICIT_RETAIN_SELF = YES;
				CLANG_WARN_OBJC_LITERAL_CONVERSION = YES;
				CLANG_WARN_OBJC_ROOT_CLASS = YES_ERROR;
				CLANG_WARN_RANGE_LOOP_ANALYSIS = YES;
				CLANG_WARN_STRICT_PROTOTYPES = YES;
				CLANG_WARN_SUSPICIOUS_MOVE = YES;
				CLANG_WARN_UNGUARDED_AVAILABILITY = YES_AGGRESSIVE;
				CLANG_WARN_UNREACHABLE_CODE = YES;
				CLANG_WARN__DUPLICATE_METHOD_MATCH = YES;
				CODE_SIGN_IDENTITY = "iPhone Developer";
				COPY_PHASE_STRIP = NO;
				DEBUG_INFORMATION_FORMAT = "dwarf-with-dsym";
				ENABLE_NS_ASSERTIONS = NO;
				ENABLE_STRICT_OBJC_MSGSEND = YES;
				GCC_C_LANGUAGE_STANDARD = gnu11;
				GCC_NO_COMMON_BLOCKS = YES;
				GCC_WARN_64_TO_32_BIT_CONVERSION = YES;
				GCC_WARN_ABOUT_RETURN_TYPE = YES_ERROR;
				GCC_WARN_UNDECLARED_SELECTOR = YES;
				GCC_WARN_UNINITIALIZED_AUTOS = YES_AGGRESSIVE;
				GCC_WARN_UNUSED_FUNCTION = YES;
				GCC_WARN_UNUSED_VARIABLE = YES;
				IPHONEOS_DEPLOYMENT_TARGET = 11.4;
				MTL_ENABLE_DEBUG_INFO = NO;
				SDKROOT = iphoneos;
				SWIFT_COMPILATION_MODE = wholemodule;
				SWIFT_OPTIMIZATION_LEVEL = "-O";
				VALIDATE_PRODUCT = YES;
			};
			name = Release;
		};
		EF9554C0210447D100D4F235 /* Debug */ = {
			isa = XCBuildConfiguration;
			baseConfigurationReference = 1DE49AB5BD737BAD09C48806 /* Pods-ChattingQuiz.debug.xcconfig */;
			buildSettings = {
				ASSETCATALOG_COMPILER_APPICON_NAME = AppIcon;
				CODE_SIGN_STYLE = Automatic;
				DEVELOPMENT_TEAM = 827YX997NH;
				INFOPLIST_FILE = ChattingQuiz/Info.plist;
				LD_RUNPATH_SEARCH_PATHS = (
					"$(inherited)",
					"@executable_path/Frameworks",
				);
				PRODUCT_BUNDLE_IDENTIFIER = com.krgoodnews.ChattingQuiz;
				PRODUCT_NAME = "$(TARGET_NAME)";
				SWIFT_VERSION = 4.0;
				TARGETED_DEVICE_FAMILY = "1,2";
			};
			name = Debug;
		};
		EF9554C1210447D100D4F235 /* Release */ = {
			isa = XCBuildConfiguration;
			baseConfigurationReference = F68A25029B196F2CD778817F /* Pods-ChattingQuiz.release.xcconfig */;
			buildSettings = {
				ASSETCATALOG_COMPILER_APPICON_NAME = AppIcon;
				CODE_SIGN_STYLE = Automatic;
				DEVELOPMENT_TEAM = 827YX997NH;
				INFOPLIST_FILE = ChattingQuiz/Info.plist;
				LD_RUNPATH_SEARCH_PATHS = (
					"$(inherited)",
					"@executable_path/Frameworks",
				);
				PRODUCT_BUNDLE_IDENTIFIER = com.krgoodnews.ChattingQuiz;
				PRODUCT_NAME = "$(TARGET_NAME)";
				SWIFT_VERSION = 4.0;
				TARGETED_DEVICE_FAMILY = "1,2";
			};
			name = Release;
		};
/* End XCBuildConfiguration section */

/* Begin XCConfigurationList section */
		EF9554A8210447CE00D4F235 /* Build configuration list for PBXProject "ChattingQuiz" */ = {
			isa = XCConfigurationList;
			buildConfigurations = (
				EF9554BD210447D100D4F235 /* Debug */,
				EF9554BE210447D100D4F235 /* Release */,
			);
			defaultConfigurationIsVisible = 0;
			defaultConfigurationName = Release;
		};
		EF9554BF210447D100D4F235 /* Build configuration list for PBXNativeTarget "ChattingQuiz" */ = {
			isa = XCConfigurationList;
			buildConfigurations = (
				EF9554C0210447D100D4F235 /* Debug */,
				EF9554C1210447D100D4F235 /* Release */,
			);
			defaultConfigurationIsVisible = 0;
			defaultConfigurationName = Release;
		};
/* End XCConfigurationList section */
	};
	rootObject = EF9554A5210447CE00D4F235 /* Project object */;
}
